
Microsoft Visual Studio Solution File, Format Version 12.00
# Visual Studio Version 17
VisualStudioVersion = 17.1.32120.378
MinimumVisualStudioVersion = 10.0.40219.1
Project("{9A19103F-16F7-4668-BE54-9A1E7A4F7556}") = "Aerolinea.Vuelos.Domain", "Aerolinea.Domain\Aerolinea.Vuelos.Domain.csproj", "{906A605B-FD7E-44ED-817B-433136F6EF8B}"
EndProject
Project("{9A19103F-16F7-4668-BE54-9A1E7A4F7556}") = "Aerolinea.Vuelos.Infrastructure", "Aerolinea.Infrastructure\Aerolinea.Vuelos.Infrastructure.csproj", "{4F4C76EF-5576-4A8A-833F-EBC0E9F78983}"
EndProject
Project("{9A19103F-16F7-4668-BE54-9A1E7A4F7556}") = "Sharedkernel", "Aerolinea.Utils\Sharedkernel.csproj", "{464C105A-48C6-4045-BC4E-EA9BD3E328EC}"
EndProject
Project("{9A19103F-16F7-4668-BE54-9A1E7A4F7556}") = "Aerolinea.Vuelos.Application", "Aerolinea.Vuelos.Application\Aerolinea.Vuelos.Application.csproj", "{05812D4D-24E8-4015-A2BA-631668BD84CE}"
EndProject
Project("{9A19103F-16F7-4668-BE54-9A1E7A4F7556}") = "Aerolinea.Vuelos.Api", "Aerolinea.Vuelos.Api\Aerolinea.Vuelos.Api.csproj", "{7065358B-BD73-449E-A4E4-AFAAAD0710AF}"
EndProject
Project("{9A19103F-16F7-4668-BE54-9A1E7A4F7556}") = "Aerolinea.Vuelos.Test", "Aerolinea.Vuelos.Test\Aerolinea.Vuelos.Test.csproj", "{E1614791-E5F4-44BF-BFE4-473F44E51A5B}"
EndProject
Project("{2150E333-8FDC-42A3-9474-1A3956D46DE8}") = "Solution Items", "Solution Items", "{0167140E-AE30-4A1C-968A-B2975D865BEA}"
	ProjectSection(SolutionItems) = preProject
		.editorconfig = .editorconfig
	EndProjectSection
EndProject
Global
	GlobalSection(SolutionConfigurationPlatforms) = preSolution
		Debug|Any CPU = Debug|Any CPU
		Release|Any CPU = Release|Any CPU
	EndGlobalSection
	GlobalSection(ProjectConfigurationPlatforms) = postSolution
		{906A605B-FD7E-44ED-817B-433136F6EF8B}.Debug|Any CPU.ActiveCfg = Debug|Any CPU
		{906A605B-FD7E-44ED-817B-433136F6EF8B}.Debug|Any CPU.Build.0 = Debug|Any CPU
		{906A605B-FD7E-44ED-817B-433136F6EF8B}.Release|Any CPU.ActiveCfg = Release|Any CPU
		{906A605B-FD7E-44ED-817B-433136F6EF8B}.Release|Any CPU.Build.0 = Release|Any CPU
		{4F4C76EF-5576-4A8A-833F-EBC0E9F78983}.Debug|Any CPU.ActiveCfg = Debug|Any CPU
		{4F4C76EF-5576-4A8A-833F-EBC0E9F78983}.Debug|Any CPU.Build.0 = Debug|Any CPU
		{4F4C76EF-5576-4A8A-833F-EBC0E9F78983}.Release|Any CPU.ActiveCfg = Release|Any CPU
		{4F4C76EF-5576-4A8A-833F-EBC0E9F78983}.Release|Any CPU.Build.0 = Release|Any CPU
		{464C105A-48C6-4045-BC4E-EA9BD3E328EC}.Debug|Any CPU.ActiveCfg = Debug|Any CPU
		{464C105A-48C6-4045-BC4E-EA9BD3E328EC}.Debug|Any CPU.Build.0 = Debug|Any CPU
		{464C105A-48C6-4045-BC4E-EA9BD3E328EC}.Release|Any CPU.ActiveCfg = Release|Any CPU
		{464C105A-48C6-4045-BC4E-EA9BD3E328EC}.Release|Any CPU.Build.0 = Release|Any CPU
		{05812D4D-24E8-4015-A2BA-631668BD84CE}.Debug|Any CPU.ActiveCfg = Debug|Any CPU
		{05812D4D-24E8-4015-A2BA-631668BD84CE}.Debug|Any CPU.Build.0 = Debug|Any CPU
		{05812D4D-24E8-4015-A2BA-631668BD84CE}.Release|Any CPU.ActiveCfg = Release|Any CPU
		{05812D4D-24E8-4015-A2BA-631668BD84CE}.Release|Any CPU.Build.0 = Release|Any CPU
		{7065358B-BD73-449E-A4E4-AFAAAD0710AF}.Debug|Any CPU.ActiveCfg = Debug|Any CPU
		{7065358B-BD73-449E-A4E4-AFAAAD0710AF}.Debug|Any CPU.Build.0 = Debug|Any CPU
		{7065358B-BD73-449E-A4E4-AFAAAD0710AF}.Release|Any CPU.ActiveCfg = Release|Any CPU
		{7065358B-BD73-449E-A4E4-AFAAAD0710AF}.Release|Any CPU.Build.0 = Release|Any CPU
		{E1614791-E5F4-44BF-BFE4-473F44E51A5B}.Debug|Any CPU.ActiveCfg = Debug|Any CPU
		{E1614791-E5F4-44BF-BFE4-473F44E51A5B}.Debug|Any CPU.Build.0 = Debug|Any CPU
		{E1614791-E5F4-44BF-BFE4-473F44E51A5B}.Release|Any CPU.ActiveCfg = Release|Any CPU
		{E1614791-E5F4-44BF-BFE4-473F44E51A5B}.Release|Any CPU.Build.0 = Release|Any CPU
	EndGlobalSection
	GlobalSection(SolutionProperties) = preSolution
		HideSolutionNode = FALSE
	EndGlobalSection
	GlobalSection(ExtensibilityGlobals) = postSolution
		SolutionGuid = {BEC51586-CC3F-40C6-96EF-7826CD6B4E4B}
	EndGlobalSection
EndGlobal
